
Microsoft Visual Studio Solution File, Format Version 12.00
# Visual Studio Version 16
VisualStudioVersion = 25.0.1706.6
MinimumVisualStudioVersion = 10.0.40219.1
Project("{FAE04EC0-301F-11D3-BF4B-00C04F79EFBC}") = "MvcMovie", "MvcMovie\MvcMovie.csproj", "{49832A8E-2D83-4A90-A0CE-ABEF6A8805E9}"
EndProject
Global
	GlobalSection(SolutionConfigurationPlatforms) = preSolution
		Debug|Any CPU = Debug|Any CPU
		Release|Any CPU = Release|Any CPU
	EndGlobalSection
	GlobalSection(ProjectConfigurationPlatforms) = postSolution
		{49832A8E-2D83-4A90-A0CE-ABEF6A8805E9}.Debug|Any CPU.ActiveCfg = Debug|Any CPU
		{49832A8E-2D83-4A90-A0CE-ABEF6A8805E9}.Debug|Any CPU.Build.0 = Debug|Any CPU
		{49832A8E-2D83-4A90-A0CE-ABEF6A8805E9}.Release|Any CPU.ActiveCfg = Release|Any CPU
		{49832A8E-2D83-4A90-A0CE-ABEF6A8805E9}.Release|Any CPU.Build.0 = Release|Any CPU
	EndGlobalSection
	GlobalSection(SolutionProperties) = preSolution
		HideSolutionNode = FALSE
	EndGlobalSection
	GlobalSection(ExtensibilityGlobals) = postSolution
		SolutionGuid = {401EDDB8-72E3-41E6-8E6E-0EED1F034853}
	EndGlobalSection
EndGlobal
